
Microsoft Visual Studio Solution File, Format Version 12.00
# Visual Studio Version 17
VisualStudioVersion = 17.3.32811.315
MinimumVisualStudioVersion = 10.0.40219.1
Project("{FAE04EC0-301F-11D3-BF4B-00C04F79EFBC}") = "ForLoop15Times", "ForLoop15Times\ForLoop15Times.csproj", "{181AF504-50D5-47CC-AC7F-BB291B9B8312}"
EndProject
Global
	GlobalSection(SolutionConfigurationPlatforms) = preSolution
		Debug|Any CPU = Debug|Any CPU
		Release|Any CPU = Release|Any CPU
	EndGlobalSection
	GlobalSection(ProjectConfigurationPlatforms) = postSolution
		{181AF504-50D5-47CC-AC7F-BB291B9B8312}.Debug|Any CPU.ActiveCfg = Debug|Any CPU
		{181AF504-50D5-47CC-AC7F-BB291B9B8312}.Debug|Any CPU.Build.0 = Debug|Any CPU
		{181AF504-50D5-47CC-AC7F-BB291B9B8312}.Release|Any CPU.ActiveCfg = Release|Any CPU
		{181AF504-50D5-47CC-AC7F-BB291B9B8312}.Release|Any CPU.Build.0 = Release|Any CPU
	EndGlobalSection
	GlobalSection(SolutionProperties) = preSolution
		HideSolutionNode = FALSE
	EndGlobalSection
	GlobalSection(ExtensibilityGlobals) = postSolution
		SolutionGuid = {59C81705-32CC-4A9E-97E1-772CBA622F74}
	EndGlobalSection
EndGlobal
